
Microsoft Visual Studio Solution File, Format Version 12.00
# Visual Studio Version 16
VisualStudioVersion = 16.0.30907.101
MinimumVisualStudioVersion = 10.0.40219.1
Project("{FAE04EC0-301F-11D3-BF4B-00C04F79EFBC}") = "Password Generator", "Password Generator\Password Generator.csproj", "{77685CF4-F708-48BB-933E-503F61DCF6CB}"
EndProject
Global
	GlobalSection(SolutionConfigurationPlatforms) = preSolution
		Debug|Any CPU = Debug|Any CPU
		Release|Any CPU = Release|Any CPU
	EndGlobalSection
	GlobalSection(ProjectConfigurationPlatforms) = postSolution
		{77685CF4-F708-48BB-933E-503F61DCF6CB}.Debug|Any CPU.ActiveCfg = Debug|Any CPU
		{77685CF4-F708-48BB-933E-503F61DCF6CB}.Debug|Any CPU.Build.0 = Debug|Any CPU
		{77685CF4-F708-48BB-933E-503F61DCF6CB}.Release|Any CPU.ActiveCfg = Release|Any CPU
		{77685CF4-F708-48BB-933E-503F61DCF6CB}.Release|Any CPU.Build.0 = Release|Any CPU
	EndGlobalSection
	GlobalSection(SolutionProperties) = preSolution
		HideSolutionNode = FALSE
	EndGlobalSection
	GlobalSection(ExtensibilityGlobals) = postSolution
		SolutionGuid = {FFFBD3C1-0CA1-4258-9BD6-845C2CBE1B53}
	EndGlobalSection
EndGlobal
